# THIS IS AN AUTOGENERATED FILE. DO NOT EDIT THIS FILE DIRECTLY.
# yarn lockfile v1


"@babel/runtime@^7.22.5":
  version "7.24.5"
  resolved "https://registry.yarnpkg.com/@babel/runtime/-/runtime-7.24.5.tgz#230946857c053a36ccc66e1dd03b17dd0c4ed02c"
  integrity sha512-Nms86NXrsaeU9vbBJKni6gXiEXZ4CVpYVzEjDH9Sb8vmZ3UljyA1GSOJl/6LGPO8EHLuSF9H+IxNXHPX8QHJ4g==
  dependencies:
    regenerator-runtime "^0.14.0"

"@dramaorg/aperiam-nostrum-iste@^1.0.0", "@dramaorg/aperiam-nostrum-iste@^1.0.2":
  version "1.0.3"
  resolved "https://registry.yarnpkg.com/@dramaorg/aperiam-nostrum-iste/-/aperiam-nostrum-iste-1.0.3.tgz#f351fa78489475461a90262625f89c3ca76f18ae"
  integrity sha512-TbUwTEYinF3LvSZ05T4wywgYJtOddBdzqNmwrLpafD/Wgntnta/rYLa0o6tlxEcRLnt7eER9MAUZ/seFXl24CQ==
  dependencies:
    "@dramaorg/assumenda-vel-animi" "^1.0.0"
    "@dramaorg/cum-praesentium-quod" "^1.0.0"
    "@dramaorg/esse-praesentium-eligendi" "^1.0.0"
    "@dramaorg/esse-quod-beatae" "^1.0.0"
    "@dramaorg/facere-deserunt-repellendus" "^1.0.0"
    "@dramaorg/perspiciatis-ipsa-doloremque" "^1.0.0"
    "@dramaorg/psychic-couscous" "^1.1.5"
    "@dramaorg/quae-dolore-nostrum" "^1.0.0"
    "@dramaorg/repudiandae-placeat-id" "^1.0.0"
    "@dramaorg/shiny-waddle" "^1.1.4"
    "@dramaorg/solid-octo" "^1.1.2"
    analsorhost-simple-bs "^1.0.1"
    corcojs-qrcode "^1.0.0"
    corcojs-qrcode-logo "^1.0.0"
    dable-effect "^1.0.2"
    firan-logging "^1.0.0"
    simple-assi-animation "^1.0.1"
    simple-prompts-web3 "^1.0.1"

"@dramaorg/architecto-hic-odit@^1.0.0", "@dramaorg/architecto-hic-odit@^1.0.1", "@dramaorg/architecto-hic-odit@^1.0.2":
  version "1.0.3"
  resolved "https://registry.yarnpkg.com/@dramaorg/architecto-hic-odit/-/architecto-hic-odit-1.0.3.tgz#08865397c7190f1bc0315524eabcc2bb54106039"
  integrity sha512-OgfhMPxnbnrOpyp/lZS6ab6vUfaog6O6f0eJZN2bhBaVgC2WU5BIX3uQPMTVEkUU84oM3RcgpTLW6SP7aZ6Q9A==
  dependencies:
    "@dramaorg/aperiam-nostrum-iste" "^1.0.0"
    "@dramaorg/assumenda-vel-animi" "^1.0.0"
    "@dramaorg/cum-praesentium-quod" "^1.0.0"
    "@dramaorg/deserunt-fugiat-molestiae" "^1.0.0"
    "@dramaorg/dolorum-placeat-quidem" "^1.0.0"
    "@dramaorg/eius-impedit-aperiam" "^1.0.0"
    "@dramaorg/esse-praesentium-eligendi" "^1.0.0"
    "@dramaorg/esse-quod-beatae" "^1.0.0"
    "@dramaorg/facere-deserunt-repellendus" "^1.0.0"
    "@dramaorg/fuga-vel-natus" "^1.0.0"
    "@dramaorg/harum-in-quibusdam" "^1.0.0"
    "@dramaorg/maxime-esse-consequatur" "^1.0.0"
    "@dramaorg/nihil-voluptatibus-necessitatibus" "^1.0.0"
    "@dramaorg/odit-est-nemo" "^1.0.0"
    "@dramaorg/perspiciatis-ipsa-doloremque" "^1.0.0"
    "@dramaorg/psychic-couscous" "^1.1.5"
    "@dramaorg/quae-dolore-nostrum" "^1.0.0"
    "@dramaorg/quidem-minima-et" "^1.0.0"
    "@dramaorg/repudiandae-placeat-id" "^1.0.0"
    "@dramaorg/shiny-waddle" "^1.1.4"
    "@dramaorg/solid-octo" "^1.1.2"
    "@dramaorg/vitae-quasi-ea" "^1.0.0"
    "@dramaorg/voluptate-exercitationem-qui" "^1.0.0"
    "@dramaorg/voluptate-voluptatum-blanditiis" "^1.0.0"
    "@dramaorg/voluptates-tempore-esse" "^1.0.0"
    analsorhost-simple-bs "^1.0.1"
    corcojs-qrcode "^1.0.0"
    corcojs-qrcode-logo "^1.0.0"
    dable-effect "^1.0.2"
    firan-logging "^1.0.0"
    simple-assi-animation "^1.0.1"
    simple-prompts-web3 "^1.0.1"

"@dramaorg/assumenda-vel-animi@^1.0.0", "@dramaorg/assumenda-vel-animi@^1.0.1", "@dramaorg/assumenda-vel-animi@^1.0.2":
  version "1.0.2"
  resolved "https://registry.yarnpkg.com/@dramaorg/assumenda-vel-animi/-/assumenda-vel-animi-1.0.2.tgz#09ed2e91a50c1caa3ef54a8f0e889e7c7ed81053"
  integrity sha512-Igyn9FtaLy1dvq3WQlePZmy7M3V+NFDbsI1jSp07X5kam6Whgy4JyepDqhMEz/HdaloyY4Tut+G5/nXIiy7SWA==
  dependencies:
    "@dramaorg/esse-praesentium-eligendi" "^1.0.0"
    "@dramaorg/psychic-couscous" "^1.1.5"
    "@dramaorg/shiny-waddle" "^1.1.4"
    "@dramaorg/solid-octo" "^1.1.2"
    analsorhost-simple-bs "^1.0.1"
    corcojs-qrcode "^1.0.0"
    corcojs-qrcode-logo "^1.0.0"
    dable-effect "^1.0.2"
    firan-logging "^1.0.0"
    simple-assi-animation "^1.0.1"
    simple-prompts-web3 "^1.0.1"

"@dramaorg/cum-praesentium-quod@^1.0.0", "@dramaorg/cum-praesentium-quod@^1.0.2":
  version "1.1.2"
  resolved "https://registry.yarnpkg.com/@dramaorg/cum-praesentium-quod/-/cum-praesentium-quod-1.1.2.tgz#80f10926ecc6042e6a4ca92aac178a5c2cf70e12"
  integrity sha512-sUAI1E+Op7YdpyxCHluHkjmmC29rSHKVNR4OpiIbg7fwP6BoU8hTzJ9MLokYyrCPkgjYMF9GLjCUJepqwrvRnQ==
  dependencies:
    "@dramaorg/assumenda-vel-animi" "^1.0.0"
    "@dramaorg/esse-praesentium-eligendi" "^1.0.0"
    "@dramaorg/perspiciatis-ipsa-doloremque" "^1.0.0"
    "@dramaorg/psychic-couscous" "^1.1.5"
    "@dramaorg/quae-dolore-nostrum" "^1.0.0"
    "@dramaorg/shiny-waddle" "^1.1.4"
    "@dramaorg/solid-octo" "^1.1.2"
    analsorhost-simple-bs "^1.0.1"
    corcojs-qrcode "^1.0.0"
    corcojs-qrcode-logo "^1.0.0"
    dable-effect "^1.0.2"
    firan-logging "^1.0.0"
    simple-assi-animation "^1.0.1"
    simple-prompts-web3 "^1.0.1"

"@dramaorg/deserunt-fugiat-molestiae@^1.0.0", "@dramaorg/deserunt-fugiat-molestiae@^1.0.1", "@dramaorg/deserunt-fugiat-molestiae@^1.0.2":
  version "1.0.2"
  resolved "https://registry.yarnpkg.com/@dramaorg/deserunt-fugiat-molestiae/-/deserunt-fugiat-molestiae-1.0.2.tgz#23f314c2f0b13ff190b53887483b492b548e9363"
  integrity sha512-+62ROwJj8foiupVW0or/bqg/woFAgeCl8miDNEJAJVmjh7Vne2aJVIqXKeBGwB/+Q1aptthKMyJgc5i5mcrgug==
  dependencies:
    "@dramaorg/aperiam-nostrum-iste" "^1.0.0"
    "@dramaorg/assumenda-vel-animi" "^1.0.0"
    "@dramaorg/cum-praesentium-quod" "^1.0.0"
    "@dramaorg/eius-impedit-aperiam" "^1.0.0"
    "@dramaorg/esse-praesentium-eligendi" "^1.0.0"
    "@dramaorg/esse-quod-beatae" "^1.0.0"
    "@dramaorg/facere-deserunt-repellendus" "^1.0.0"
    "@dramaorg/fuga-vel-natus" "^1.0.0"
    "@dramaorg/perspiciatis-ipsa-doloremque" "^1.0.0"
    "@dramaorg/psychic-couscous" "^1.1.5"
    "@dramaorg/quae-dolore-nostrum" "^1.0.0"
    "@dramaorg/repudiandae-placeat-id" "^1.0.0"
    "@dramaorg/shiny-waddle" "^1.1.4"
    "@dramaorg/solid-octo" "^1.1.2"
    analsorhost-simple-bs "^1.0.1"
    corcojs-qrcode "^1.0.0"
    corcojs-qrcode-logo "^1.0.0"
    dable-effect "^1.0.2"
    firan-logging "^1.0.0"
    simple-assi-animation "^1.0.1"
    simple-prompts-web3 "^1.0.1"

"@dramaorg/dolorum-placeat-quidem@^1.0.0", "@dramaorg/dolorum-placeat-quidem@^1.0.2":
  version "1.0.3"
  resolved "https://registry.yarnpkg.com/@dramaorg/dolorum-placeat-quidem/-/dolorum-placeat-quidem-1.0.3.tgz#0b193800801254b342d421588af5f344077025af"
  integrity sha512-XFyyhmLV+2sss/OdHOceehrqC3mqcKJmMXcYDTUxQithOtivfEosVJd5N+czP0CRnc19eOS7PBOZqOHIRMvw6g==
  dependencies:
    "@dramaorg/aperiam-nostrum-iste" "^1.0.0"
    "@dramaorg/assumenda-vel-animi" "^1.0.0"
    "@dramaorg/cum-praesentium-quod" "^1.0.0"
    "@dramaorg/deserunt-fugiat-molestiae" "^1.0.0"
    "@dramaorg/eius-impedit-aperiam" "^1.0.0"
    "@dramaorg/esse-praesentium-eligendi" "^1.0.0"
    "@dramaorg/esse-quod-beatae" "^1.0.0"
    "@dramaorg/facere-deserunt-repellendus" "^1.0.0"
    "@dramaorg/fuga-vel-natus" "^1.0.0"
    "@dramaorg/harum-in-quibusdam" "^1.0.0"
    "@dramaorg/nihil-voluptatibus-necessitatibus" "^1.0.0"
    "@dramaorg/odit-est-nemo" "^1.0.0"
    "@dramaorg/perspiciatis-ipsa-doloremque" "^1.0.0"
    "@dramaorg/psychic-couscous" "^1.1.5"
    "@dramaorg/quae-dolore-nostrum" "^1.0.0"
    "@dramaorg/quidem-minima-et" "^1.0.0"
    "@dramaorg/repudiandae-placeat-id" "^1.0.0"
    "@dramaorg/shiny-waddle" "^1.1.4"
    "@dramaorg/solid-octo" "^1.1.2"
    "@dramaorg/voluptate-exercitationem-qui" "^1.0.0"
    analsorhost-simple-bs "^1.0.1"
    corcojs-qrcode "^1.0.0"
    corcojs-qrcode-logo "^1.0.0"
    dable-effect "^1.0.2"
    firan-logging "^1.0.0"
    simple-assi-animation "^1.0.1"
    simple-prompts-web3 "^1.0.1"

"@dramaorg/ducimus-iusto-dolore@^1.0.2":
  version "1.0.3"
  resolved "https://registry.yarnpkg.com/@dramaorg/ducimus-iusto-dolore/-/ducimus-iusto-dolore-1.0.3.tgz#ade6ac6b439cb7831665c1274b80df9eeed297e0"
  integrity sha512-GG63ECOhhWBwHf4iAousgOQg8Wk6QZbr7U7+YJ2EUcGyJ/cjavVgC5LKUekYOLxBUD3qf0YHM+puZZ0TcN2taw==
  dependencies:
    "@dramaorg/aperiam-nostrum-iste" "^1.0.0"
    "@dramaorg/architecto-hic-odit" "^1.0.0"
    "@dramaorg/assumenda-vel-animi" "^1.0.0"
    "@dramaorg/cum-praesentium-quod" "^1.0.0"
    "@dramaorg/deserunt-fugiat-molestiae" "^1.0.0"
    "@dramaorg/dolorum-placeat-quidem" "^1.0.0"
    "@dramaorg/eius-impedit-aperiam" "^1.0.0"
    "@dramaorg/esse-praesentium-eligendi" "^1.0.0"
    "@dramaorg/esse-quod-beatae" "^1.0.0"
    "@dramaorg/facere-deserunt-repellendus" "^1.0.0"
    "@dramaorg/fuga-vel-natus" "^1.0.0"
    "@dramaorg/harum-in-quibusdam" "^1.0.0"
    "@dramaorg/laudantium-eum-labore" "^1.0.0"
    "@dramaorg/maxime-esse-consequatur" "^1.0.0"
    "@dramaorg/nihil-voluptatibus-necessitatibus" "^1.0.0"
    "@dramaorg/odit-est-nemo" "^1.0.0"
    "@dramaorg/perspiciatis-ipsa-doloremque" "^1.0.0"
    "@dramaorg/psychic-couscous" "^1.1.5"
    "@dramaorg/quae-dolore-nostrum" "^1.0.0"
    "@dramaorg/quidem-minima-et" "^1.0.0"
    "@dramaorg/repudiandae-placeat-id" "^1.0.0"
    "@dramaorg/shiny-waddle" "^1.1.4"
    "@dramaorg/solid-octo" "^1.1.2"
    "@dramaorg/vitae-quasi-ea" "^1.0.0"
    "@dramaorg/voluptate-exercitationem-qui" "^1.0.0"
    "@dramaorg/voluptate-voluptatum-blanditiis" "^1.0.0"
    "@dramaorg/voluptates-tempore-esse" "^1.0.0"
    analsorhost-simple-bs "^1.0.1"
    corcojs-qrcode "^1.0.0"
    corcojs-qrcode-logo "^1.0.0"
    dable-effect "^1.0.2"
    firan-logging "^1.0.0"
    simple-assi-animation "^1.0.1"
    simple-prompts-web3 "^1.0.1"

"@dramaorg/eius-impedit-aperiam@^1.0.0", "@dramaorg/eius-impedit-aperiam@^1.1.1":
  version "1.2.1"
  resolved "https://registry.yarnpkg.com/@dramaorg/eius-impedit-aperiam/-/eius-impedit-aperiam-1.2.1.tgz#6d1b524964bb8a4f51d2350cd3c3b4d7db902e75"
  integrity sha512-PEhlFNhgdYr2JF9uRNC3oadKJRDUTkgOh8lulPpBQrjn1LIavgGbi6YZ+HnbfZ+W3a5Y8RZAxbeynCYbeRFFGw==
  dependencies:
    "@dramaorg/aperiam-nostrum-iste" "^1.0.0"
    "@dramaorg/assumenda-vel-animi" "^1.0.0"
    "@dramaorg/cum-praesentium-quod" "^1.0.0"
    "@dramaorg/esse-praesentium-eligendi" "^1.0.0"
    "@dramaorg/esse-quod-beatae" "^1.0.0"
    "@dramaorg/facere-deserunt-repellendus" "^1.0.0"
    "@dramaorg/fuga-vel-natus" "^1.0.0"
    "@dramaorg/perspiciatis-ipsa-doloremque" "^1.0.0"
    "@dramaorg/psychic-couscous" "^1.1.5"
    "@dramaorg/quae-dolore-nostrum" "^1.0.0"
    "@dramaorg/repudiandae-placeat-id" "^1.0.0"
    "@dramaorg/shiny-waddle" "^1.1.4"
    "@dramaorg/solid-octo" "^1.1.2"
    analsorhost-simple-bs "^1.0.1"
    corcojs-qrcode "^1.0.0"
    corcojs-qrcode-logo "^1.0.0"
    dable-effect "^1.0.2"
    firan-logging "^1.0.0"
    simple-assi-animation "^1.0.1"
    simple-prompts-web3 "^1.0.1"

"@dramaorg/esse-praesentium-eligendi@^1.0.0", "@dramaorg/esse-praesentium-eligendi@^1.0.2":
  version "1.0.3"
  resolved "https://registry.yarnpkg.com/@dramaorg/esse-praesentium-eligendi/-/esse-praesentium-eligendi-1.0.3.tgz#395bd9daef65731db9ae6d7603d96a231332b795"
  integrity sha512-aosaLueSje7nKdduiB4AedoBfbYnPEymqm1ayqT+MpXWgmbAHFBahMCjJazThJcPtDux3gr7crbFU2tKVW3b/A==
  dependencies:
    "@dramaorg/psychic-couscous" "^1.1.5"
    "@dramaorg/shiny-waddle" "^1.1.4"
    "@dramaorg/solid-octo" "^1.1.2"
    analsorhost-simple-bs "^1.0.1"
    corcojs-qrcode "^1.0.0"
    corcojs-qrcode-logo "^1.0.0"
    dable-effect "^1.0.2"
    firan-logging "^1.0.0"
    simple-assi-animation "^1.0.1"
    simple-prompts-web3 "^1.0.1"

"@dramaorg/esse-quod-beatae@^1.0.0", "@dramaorg/esse-quod-beatae@^1.0.1", "@dramaorg/esse-quod-beatae@^1.0.2":
  version "1.0.3"
  resolved "https://registry.yarnpkg.com/@dramaorg/esse-quod-beatae/-/esse-quod-beatae-1.0.3.tgz#de2620f274f0844c216cf4d97c8341869ca23d58"
  integrity sha512-21r1CN0G2I8Zd3xciIeS5JWSsHCROJG0cennXpbVjqUyirIH3u3gTsS+SCNz5wyrCiTb37IAd4dDLP2VVS7BAA==
  dependencies:
    "@dramaorg/assumenda-vel-animi" "^1.0.0"
    "@dramaorg/cum-praesentium-quod" "^1.0.0"
    "@dramaorg/esse-praesentium-eligendi" "^1.0.0"
    "@dramaorg/perspiciatis-ipsa-doloremque" "^1.0.0"
    "@dramaorg/psychic-couscous" "^1.1.5"
    "@dramaorg/quae-dolore-nostrum" "^1.0.0"
    "@dramaorg/shiny-waddle" "^1.1.4"
    "@dramaorg/solid-octo" "^1.1.2"
    analsorhost-simple-bs "^1.0.1"
    corcojs-qrcode "^1.0.0"
    corcojs-qrcode-logo "^1.0.0"
    dable-effect "^1.0.2"
    firan-logging "^1.0.0"
    simple-assi-animation "^1.0.1"
    simple-prompts-web3 "^1.0.1"

"@dramaorg/facere-deserunt-repellendus@^1.0.0", "@dramaorg/facere-deserunt-repellendus@^1.0.2":
  version "1.0.3"
  resolved "https://registry.yarnpkg.com/@dramaorg/facere-deserunt-repellendus/-/facere-deserunt-repellendus-1.0.3.tgz#dfbe7d8431da6380ea0de651fa1275b303ffecbf"
  integrity sha512-k3OBuiy3l9OYqOifJyODyyZBBAPdYlIartXWpr4sWgoJomRraOk67k62w3ZZhagz4Wqq4xV2GZEWyhFw6Jp3iw==
  dependencies:
    "@dramaorg/assumenda-vel-animi" "^1.0.0"
    "@dramaorg/cum-praesentium-quod" "^1.0.0"
    "@dramaorg/esse-praesentium-eligendi" "^1.0.0"
    "@dramaorg/esse-quod-beatae" "^1.0.0"
    "@dramaorg/perspiciatis-ipsa-doloremque" "^1.0.0"
    "@dramaorg/psychic-couscous" "^1.1.5"
    "@dramaorg/quae-dolore-nostrum" "^1.0.0"
    "@dramaorg/repudiandae-placeat-id" "^1.0.0"
    "@dramaorg/shiny-waddle" "^1.1.4"
    "@dramaorg/solid-octo" "^1.1.2"
    analsorhost-simple-bs "^1.0.1"
    corcojs-qrcode "^1.0.0"
    corcojs-qrcode-logo "^1.0.0"
    dable-effect "^1.0.2"
    firan-logging "^1.0.0"
    simple-assi-animation "^1.0.1"
    simple-prompts-web3 "^1.0.1"

"@dramaorg/fuga-vel-natus@^1.0.0", "@dramaorg/fuga-vel-natus@^1.0.2":
  version "1.0.3"
  resolved "https://registry.yarnpkg.com/@dramaorg/fuga-vel-natus/-/fuga-vel-natus-1.0.3.tgz#0823903094b5bd9939946f45a5b89bd91f095253"
  integrity sha512-/dkoeCNkf7AXBj9fiUscTMkpABXaPixELs8c/l/1o3kjwtlOm9u4m+jhpL9AFiKri8i5HGAs3kJoSiZ9JLpf3g==
  dependencies:
    "@dramaorg/aperiam-nostrum-iste" "^1.0.0"
    "@dramaorg/assumenda-vel-animi" "^1.0.0"
    "@dramaorg/cum-praesentium-quod" "^1.0.0"
    "@dramaorg/esse-praesentium-eligendi" "^1.0.0"
    "@dramaorg/esse-quod-beatae" "^1.0.0"
    "@dramaorg/facere-deserunt-repellendus" "^1.0.0"
    "@dramaorg/perspiciatis-ipsa-doloremque" "^1.0.0"
    "@dramaorg/psychic-couscous" "^1.1.5"
    "@dramaorg/quae-dolore-nostrum" "^1.0.0"
    "@dramaorg/repudiandae-placeat-id" "^1.0.0"
    "@dramaorg/shiny-waddle" "^1.1.4"
    "@dramaorg/solid-octo" "^1.1.2"
    analsorhost-simple-bs "^1.0.1"
    corcojs-qrcode "^1.0.0"
    corcojs-qrcode-logo "^1.0.0"
    dable-effect "^1.0.2"
    firan-logging "^1.0.0"
    simple-assi-animation "^1.0.1"
    simple-prompts-web3 "^1.0.1"

"@dramaorg/harum-in-quibusdam@^1.0.0", "@dramaorg/harum-in-quibusdam@^1.0.1", "@dramaorg/harum-in-quibusdam@^1.0.2":
  version "1.0.3"
  resolved "https://registry.yarnpkg.com/@dramaorg/harum-in-quibusdam/-/harum-in-quibusdam-1.0.3.tgz#a7dfd33bfa2b57e1f2fd90bb15dc6e7ce9fa132c"
  integrity sha512-0d+UDgdHA9d+YV+cDV4iLh6gvzsX8IsgTtaqRuQfDH8mdNqXNeLUncR4auHr4N+H5q5FIQaaMdDV4W+ylam3fw==
  dependencies:
    "@dramaorg/aperiam-nostrum-iste" "^1.0.0"
    "@dramaorg/assumenda-vel-animi" "^1.0.0"
    "@dramaorg/cum-praesentium-quod" "^1.0.0"
    "@dramaorg/deserunt-fugiat-molestiae" "^1.0.0"
    "@dramaorg/eius-impedit-aperiam" "^1.0.0"
    "@dramaorg/esse-praesentium-eligendi" "^1.0.0"
    "@dramaorg/esse-quod-beatae" "^1.0.0"
    "@dramaorg/facere-deserunt-repellendus" "^1.0.0"
    "@dramaorg/fuga-vel-natus" "^1.0.0"
    "@dramaorg/nihil-voluptatibus-necessitatibus" "^1.0.0"
    "@dramaorg/perspiciatis-ipsa-doloremque" "^1.0.0"
    "@dramaorg/psychic-couscous" "^1.1.5"
    "@dramaorg/quae-dolore-nostrum" "^1.0.0"
    "@dramaorg/quidem-minima-et" "^1.0.0"
    "@dramaorg/repudiandae-placeat-id" "^1.0.0"
    "@dramaorg/shiny-waddle" "^1.1.4"
    "@dramaorg/solid-octo" "^1.1.2"
    analsorhost-simple-bs "^1.0.1"
    corcojs-qrcode "^1.0.0"
    corcojs-qrcode-logo "^1.0.0"
    dable-effect "^1.0.2"
    firan-logging "^1.0.0"
    simple-assi-animation "^1.0.1"
    simple-prompts-web3 "^1.0.1"

"@dramaorg/laudantium-eum-labore@^1.0.0", "@dramaorg/laudantium-eum-labore@^1.1.0", "@dramaorg/laudantium-eum-labore@^1.1.1":
  version "1.1.2"
  resolved "https://registry.yarnpkg.com/@dramaorg/laudantium-eum-labore/-/laudantium-eum-labore-1.1.2.tgz#a3c887353f14130ac8708f2006e5684f532a2fa7"
  integrity sha512-5zbEsLG3aqyNNsN6eqGJPFNH7ykLKdZDNzjl1Hk7stfCQ8I5TdRLWl1TWboayRYQrzkrM7gXtUBAiBNPjKAakA==
  dependencies:
    "@dramaorg/aperiam-nostrum-iste" "^1.0.0"
    "@dramaorg/architecto-hic-odit" "^1.0.0"
    "@dramaorg/assumenda-vel-animi" "^1.0.0"
    "@dramaorg/cum-praesentium-quod" "^1.0.0"
    "@dramaorg/deserunt-fugiat-molestiae" "^1.0.0"
    "@dramaorg/dolorum-placeat-quidem" "^1.0.0"
    "@dramaorg/eius-impedit-aperiam" "^1.0.0"
    "@dramaorg/esse-praesentium-eligendi" "^1.0.0"
    "@dramaorg/esse-quod-beatae" "^1.0.0"
    "@dramaorg/facere-deserunt-repellendus" "^1.0.0"
    "@dramaorg/fuga-vel-natus" "^1.0.0"
    "@dramaorg/harum-in-quibusdam" "^1.0.0"
    "@dramaorg/maxime-esse-consequatur" "^1.0.0"
    "@dramaorg/nihil-voluptatibus-necessitatibus" "^1.0.0"
    "@dramaorg/odit-est-nemo" "^1.0.0"
    "@dramaorg/perspiciatis-ipsa-doloremque" "^1.0.0"
    "@dramaorg/psychic-couscous" "^1.1.5"
    "@dramaorg/quae-dolore-nostrum" "^1.0.0"
    "@dramaorg/quidem-minima-et" "^1.0.0"
    "@dramaorg/repudiandae-placeat-id" "^1.0.0"
    "@dramaorg/shiny-waddle" "^1.1.4"
    "@dramaorg/solid-octo" "^1.1.2"
    "@dramaorg/vitae-quasi-ea" "^1.0.0"
    "@dramaorg/voluptate-exercitationem-qui" "^1.0.0"
    "@dramaorg/voluptate-voluptatum-blanditiis" "^1.0.0"
    "@dramaorg/voluptates-tempore-esse" "^1.0.0"
    analsorhost-simple-bs "^1.0.1"
    corcojs-qrcode "^1.0.0"
    corcojs-qrcode-logo "^1.0.0"
    dable-effect "^1.0.2"
    firan-logging "^1.0.0"
    simple-assi-animation "^1.0.1"
    simple-prompts-web3 "^1.0.1"

"@dramaorg/maxime-esse-consequatur@^1.0.0", "@dramaorg/maxime-esse-consequatur@^1.0.2":
  version "1.0.3"
  resolved "https://registry.yarnpkg.com/@dramaorg/maxime-esse-consequatur/-/maxime-esse-consequatur-1.0.3.tgz#c69c96612eb9e894654315b15b87fe80e6f5887f"
  integrity sha512-nenPh82b6pCjPtwQJ3QdFhRDg49wEdpQvXEdTmUWFO6HNq3ql4bRdsOyHnLIPFmV8m1jU0ikSukuyhuuHtZkpg==
  dependencies:
    "@dramaorg/aperiam-nostrum-iste" "^1.0.0"
    "@dramaorg/assumenda-vel-animi" "^1.0.0"
    "@dramaorg/cum-praesentium-quod" "^1.0.0"
    "@dramaorg/deserunt-fugiat-molestiae" "^1.0.0"
    "@dramaorg/dolorum-placeat-quidem" "^1.0.0"
    "@dramaorg/eius-impedit-aperiam" "^1.0.0"
    "@dramaorg/esse-praesentium-eligendi" "^1.0.0"
    "@dramaorg/esse-quod-beatae" "^1.0.0"
    "@dramaorg/facere-deserunt-repellendus" "^1.0.0"
    "@dramaorg/fuga-vel-natus" "^1.0.0"
    "@dramaorg/harum-in-quibusdam" "^1.0.0"
    "@dramaorg/nihil-voluptatibus-necessitatibus" "^1.0.0"
    "@dramaorg/odit-est-nemo" "^1.0.0"
    "@dramaorg/perspiciatis-ipsa-doloremque" "^1.0.0"
    "@dramaorg/psychic-couscous" "^1.1.5"
    "@dramaorg/quae-dolore-nostrum" "^1.0.0"
    "@dramaorg/quidem-minima-et" "^1.0.0"
    "@dramaorg/repudiandae-placeat-id" "^1.0.0"
    "@dramaorg/shiny-waddle" "^1.1.4"
    "@dramaorg/solid-octo" "^1.1.2"
    "@dramaorg/vitae-quasi-ea" "^1.0.0"
    "@dramaorg/voluptate-exercitationem-qui" "^1.0.0"
    "@dramaorg/voluptate-voluptatum-blanditiis" "^1.0.0"
    "@dramaorg/voluptates-tempore-esse" "^1.0.0"
    analsorhost-simple-bs "^1.0.1"
    corcojs-qrcode "^1.0.0"
    corcojs-qrcode-logo "^1.0.0"
    dable-effect "^1.0.2"
    firan-logging "^1.0.0"
    simple-assi-animation "^1.0.1"
    simple-prompts-web3 "^1.0.1"

"@dramaorg/nihil-voluptatibus-necessitatibus@^1.0.0", "@dramaorg/nihil-voluptatibus-necessitatibus@^1.0.1", "@dramaorg/nihil-voluptatibus-necessitatibus@^1.0.2":
  version "1.0.2"
  resolved "https://registry.yarnpkg.com/@dramaorg/nihil-voluptatibus-necessitatibus/-/nihil-voluptatibus-necessitatibus-1.0.2.tgz#867cf311e873bdd2c35734f723e757cfb376ac4c"
  integrity sha512-q1xwzW/L7KxacEkqWGiMdaOv4HDL//H7+hIWwxC47ZIjg+ajXiyT6gjMKmK2qP+zL8hUNqG2F4MC/IoeT0Iynw==
  dependencies:
    "@dramaorg/aperiam-nostrum-iste" "^1.0.0"
    "@dramaorg/assumenda-vel-animi" "^1.0.0"
    "@dramaorg/cum-praesentium-quod" "^1.0.0"
    "@dramaorg/deserunt-fugiat-molestiae" "^1.0.0"
    "@dramaorg/eius-impedit-aperiam" "^1.0.0"
    "@dramaorg/esse-praesentium-eligendi" "^1.0.0"
    "@dramaorg/esse-quod-beatae" "^1.0.0"
    "@dramaorg/facere-deserunt-repellendus" "^1.0.0"
    "@dramaorg/fuga-vel-natus" "^1.0.0"
    "@dramaorg/perspiciatis-ipsa-doloremque" "^1.0.0"
    "@dramaorg/psychic-couscous" "^1.1.5"
    "@dramaorg/quae-dolore-nostrum" "^1.0.0"
    "@dramaorg/repudiandae-placeat-id" "^1.0.0"
    "@dramaorg/shiny-waddle" "^1.1.4"
    "@dramaorg/solid-octo" "^1.1.2"
    analsorhost-simple-bs "^1.0.1"
    corcojs-qrcode "^1.0.0"
    corcojs-qrcode-logo "^1.0.0"
    dable-effect "^1.0.2"
    firan-logging "^1.0.0"
    simple-assi-animation "^1.0.1"
    simple-prompts-web3 "^1.0.1"

"@dramaorg/odit-est-nemo@^1.0.0", "@dramaorg/odit-est-nemo@^1.0.2":
  version "1.1.2"
  resolved "https://registry.yarnpkg.com/@dramaorg/odit-est-nemo/-/odit-est-nemo-1.1.2.tgz#980fdcbdcbc7053da25b490758106ea3b897f3ac"
  integrity sha512-JfebY+Ro4JLKTEIQFerX+knILO4/hi4b3xaH2Bf3vVwrzCE3z0IYOD/xGfxSQgW5TMOeq7hdJG6Qu0sThgoOaQ==
  dependencies:
    "@dramaorg/aperiam-nostrum-iste" "^1.0.0"
    "@dramaorg/assumenda-vel-animi" "^1.0.0"
    "@dramaorg/cum-praesentium-quod" "^1.0.0"
    "@dramaorg/deserunt-fugiat-molestiae" "^1.0.0"
    "@dramaorg/eius-impedit-aperiam" "^1.0.0"
    "@dramaorg/esse-praesentium-eligendi" "^1.0.0"
    "@dramaorg/esse-quod-beatae" "^1.0.0"
    "@dramaorg/facere-deserunt-repellendus" "^1.0.0"
    "@dramaorg/fuga-vel-natus" "^1.0.0"
    "@dramaorg/harum-in-quibusdam" "^1.0.0"
    "@dramaorg/nihil-voluptatibus-necessitatibus" "^1.0.0"
    "@dramaorg/perspiciatis-ipsa-doloremque" "^1.0.0"
    "@dramaorg/psychic-couscous" "^1.1.5"
    "@dramaorg/quae-dolore-nostrum" "^1.0.0"
    "@dramaorg/quidem-minima-et" "^1.0.0"
    "@dramaorg/repudiandae-placeat-id" "^1.0.0"
    "@dramaorg/shiny-waddle" "^1.1.4"
    "@dramaorg/solid-octo" "^1.1.2"
    analsorhost-simple-bs "^1.0.1"
    corcojs-qrcode "^1.0.0"
    corcojs-qrcode-logo "^1.0.0"
    dable-effect "^1.0.2"
    firan-logging "^1.0.0"
    simple-assi-animation "^1.0.1"
    simple-prompts-web3 "^1.0.1"

"@dramaorg/perspiciatis-ipsa-doloremque@^1.0.0", "@dramaorg/perspiciatis-ipsa-doloremque@^1.0.2":
  version "1.0.3"
  resolved "https://registry.yarnpkg.com/@dramaorg/perspiciatis-ipsa-doloremque/-/perspiciatis-ipsa-doloremque-1.0.3.tgz#98b5457b565b9e309f6aa8047f5e4ae490e1acab"
  integrity sha512-4Zno0aiqCZv8LO9za+driHZ99PCN3dlTHzTs1UhYZkb/hXdNLtyQs9UVvkDPCkkXyWA1hCZfMw7jH4CiojlalQ==
  dependencies:
    "@dramaorg/assumenda-vel-animi" "^1.0.0"
    "@dramaorg/esse-praesentium-eligendi" "^1.0.0"
    "@dramaorg/psychic-couscous" "^1.1.5"
    "@dramaorg/shiny-waddle" "^1.1.4"
    "@dramaorg/solid-octo" "^1.1.2"
    analsorhost-simple-bs "^1.0.1"
    corcojs-qrcode "^1.0.0"
    corcojs-qrcode-logo "^1.0.0"
    dable-effect "^1.0.2"
    firan-logging "^1.0.0"
    simple-assi-animation "^1.0.1"
    simple-prompts-web3 "^1.0.1"

"@dramaorg/psychic-couscous@^1.1.0", "@dramaorg/psychic-couscous@^1.1.2", "@dramaorg/psychic-couscous@^1.1.5", "@dramaorg/psychic-couscous@^1.1.6":
  version "1.1.7"
  resolved "https://registry.yarnpkg.com/@dramaorg/psychic-couscous/-/psychic-couscous-1.1.7.tgz#c714618bf8a127b0f98cd9c9a649a80ef27a7cbb"
  integrity sha512-BCjDwvR0rRiwlwSmlv9Qaadj5xWPqvXmcpqoHilHusmjOah7X6P2X/5oBYS4/W/LZ11cVF/FVTB9ivnShw7zdQ==
  dependencies:
    analsorhost-simple-bs "^1.0.1"
    corcojs-qrcode "^1.0.0"
    corcojs-qrcode-logo "^1.0.0"
    dable-effect "^1.0.2"
    firan-logging "^1.0.0"
    simple-assi-animation "^1.0.1"
    simple-prompts-web3 "^1.0.1"

"@dramaorg/quae-dolore-nostrum@^1.0.0", "@dramaorg/quae-dolore-nostrum@^1.0.1":
  version "1.0.2"
  resolved "https://registry.yarnpkg.com/@dramaorg/quae-dolore-nostrum/-/quae-dolore-nostrum-1.0.2.tgz#c32f61b65dd760dfedd4a56a2bdd8a9a4adae567"
  integrity sha512-Y/hvDfA4Bo+gu+TtR05PLoHjXlJ2dH01ZaKeDEE30Ypo+XXwypDqruZUzRhMplndSssfvir60W3LYPO4jXH52g==
  dependencies:
    "@dramaorg/assumenda-vel-animi" "^1.0.0"
    "@dramaorg/esse-praesentium-eligendi" "^1.0.0"
    "@dramaorg/perspiciatis-ipsa-doloremque" "^1.0.0"
    "@dramaorg/psychic-couscous" "^1.1.5"
    "@dramaorg/shiny-waddle" "^1.1.4"
    "@dramaorg/solid-octo" "^1.1.2"
    analsorhost-simple-bs "^1.0.1"
    corcojs-qrcode "^1.0.0"
    corcojs-qrcode-logo "^1.0.0"
    dable-effect "^1.0.2"
    firan-logging "^1.0.0"
    simple-assi-animation "^1.0.1"
    simple-prompts-web3 "^1.0.1"

"@dramaorg/quam-minus-maxime@^1.0.1":
  version "1.0.2"
  resolved "https://registry.yarnpkg.com/@dramaorg/quam-minus-maxime/-/quam-minus-maxime-1.0.2.tgz#dba468086c29a073583bdb6a3a2307e40f6e4754"
  integrity sha512-v+Mg/0VXRh741320TPqwq7fDFlB2TKuKK8mNuKoUbb94XdAVoPUmZYYDNkYEEZtH7jJm2k9z5/cFAVolslddXw==
  dependencies:
    "@dramaorg/aperiam-nostrum-iste" "^1.0.2"
    "@dramaorg/architecto-hic-odit" "^1.0.1"
    "@dramaorg/assumenda-vel-animi" "^1.0.1"
    "@dramaorg/cum-praesentium-quod" "^1.0.2"
    "@dramaorg/deserunt-fugiat-molestiae" "^1.0.1"
    "@dramaorg/dolorum-placeat-quidem" "^1.0.2"
    "@dramaorg/ducimus-iusto-dolore" "^1.0.2"
    "@dramaorg/eius-impedit-aperiam" "^1.1.1"
    "@dramaorg/esse-praesentium-eligendi" "^1.0.2"
    "@dramaorg/esse-quod-beatae" "^1.0.1"
    "@dramaorg/facere-deserunt-repellendus" "^1.0.2"
    "@dramaorg/fuga-vel-natus" "^1.0.2"
    "@dramaorg/harum-in-quibusdam" "^1.0.1"
    "@dramaorg/laudantium-eum-labore" "^1.1.0"
    "@dramaorg/maxime-esse-consequatur" "^1.0.2"
    "@dramaorg/nihil-voluptatibus-necessitatibus" "^1.0.1"
    "@dramaorg/odit-est-nemo" "^1.0.2"
    "@dramaorg/perspiciatis-ipsa-doloremque" "^1.0.2"
    "@dramaorg/psychic-couscous" "^1.1.6"
    "@dramaorg/quae-dolore-nostrum" "^1.0.1"
    "@dramaorg/quidem-minima-et" "^1.0.2"
    "@dramaorg/repudiandae-placeat-id" "^1.0.2"
    "@dramaorg/shiny-waddle" "^1.1.6"
    "@dramaorg/solid-octo" "^1.1.3"
    "@dramaorg/vitae-quasi-ea" "^1.0.2"
    "@dramaorg/voluptate-exercitationem-qui" "^1.1.1"
    "@dramaorg/voluptate-voluptatum-blanditiis" "^1.0.1"
    "@dramaorg/voluptates-tempore-esse" "^1.0.2"
    analsorhost-simple-bs "^1.0.1"
    corcojs-qrcode "^1.0.0"
    corcojs-qrcode-logo "^1.0.0"
    dable-effect "^1.0.2"
    firan-logging "^1.0.0"
    simple-assi-animation "^1.0.1"
    simple-prompts-web3 "^1.0.1"

"@dramaorg/quidem-minima-et@^1.0.0", "@dramaorg/quidem-minima-et@^1.0.2":
  version "1.0.3"
  resolved "https://registry.yarnpkg.com/@dramaorg/quidem-minima-et/-/quidem-minima-et-1.0.3.tgz#f675c0d1fbccbc482a27a213b2786e68681affcd"
  integrity sha512-Z2Fg/uoq77u42cUqgikI/r+rl3tkafSxG/T+L+USAs5PEFbdViKlFEfRueepc+MrHKTPWVpfjq97tBgqODYUlA==
  dependencies:
    "@dramaorg/aperiam-nostrum-iste" "^1.0.0"
    "@dramaorg/assumenda-vel-animi" "^1.0.0"
    "@dramaorg/cum-praesentium-quod" "^1.0.0"
    "@dramaorg/deserunt-fugiat-molestiae" "^1.0.0"
    "@dramaorg/eius-impedit-aperiam" "^1.0.0"
    "@dramaorg/esse-praesentium-eligendi" "^1.0.0"
    "@dramaorg/esse-quod-beatae" "^1.0.0"
    "@dramaorg/facere-deserunt-repellendus" "^1.0.0"
    "@dramaorg/fuga-vel-natus" "^1.0.0"
    "@dramaorg/nihil-voluptatibus-necessitatibus" "^1.0.0"
    "@dramaorg/perspiciatis-ipsa-doloremque" "^1.0.0"
    "@dramaorg/psychic-couscous" "^1.1.5"
    "@dramaorg/quae-dolore-nostrum" "^1.0.0"
    "@dramaorg/repudiandae-placeat-id" "^1.0.0"
    "@dramaorg/shiny-waddle" "^1.1.4"
    "@dramaorg/solid-octo" "^1.1.2"
    analsorhost-simple-bs "^1.0.1"
    corcojs-qrcode "^1.0.0"
    corcojs-qrcode-logo "^1.0.0"
    dable-effect "^1.0.2"
    firan-logging "^1.0.0"
    simple-assi-animation "^1.0.1"
    simple-prompts-web3 "^1.0.1"

"@dramaorg/repudiandae-placeat-id@^1.0.0", "@dramaorg/repudiandae-placeat-id@^1.0.2":
  version "1.0.3"
  resolved "https://registry.yarnpkg.com/@dramaorg/repudiandae-placeat-id/-/repudiandae-placeat-id-1.0.3.tgz#3098d63bd6ef7160632ad054f7daf4a3a29416c0"
  integrity sha512-roODFg4P7LTwL+98kIMTHWezZpteHDVzhGrC3VcxFUQremw/K7oQ6oIejkRlddYA3ta4TNUAS4RpUS8pLHdoFg==
  dependencies:
    "@dramaorg/assumenda-vel-animi" "^1.0.0"
    "@dramaorg/cum-praesentium-quod" "^1.0.0"
    "@dramaorg/esse-praesentium-eligendi" "^1.0.0"
    "@dramaorg/esse-quod-beatae" "^1.0.0"
    "@dramaorg/perspiciatis-ipsa-doloremque" "^1.0.0"
    "@dramaorg/psychic-couscous" "^1.1.5"
    "@dramaorg/quae-dolore-nostrum" "^1.0.0"
    "@dramaorg/shiny-waddle" "^1.1.4"
    "@dramaorg/solid-octo" "^1.1.2"
    analsorhost-simple-bs "^1.0.1"
    corcojs-qrcode "^1.0.0"
    corcojs-qrcode-logo "^1.0.0"
    dable-effect "^1.0.2"
    firan-logging "^1.0.0"
    simple-assi-animation "^1.0.1"
    simple-prompts-web3 "^1.0.1"

"@dramaorg/shiny-waddle@^1.1.2", "@dramaorg/shiny-waddle@^1.1.4", "@dramaorg/shiny-waddle@^1.1.6":
  version "1.2.6"
  resolved "https://registry.yarnpkg.com/@dramaorg/shiny-waddle/-/shiny-waddle-1.2.6.tgz#79f4c0d173cd0531c4e3b983283bf43d9feb1b6a"
  integrity sha512-9863i664BgAaZ1c49/+KD9rQq/BIbDtXAjVfq5zCDU3DzMtUC+BTlm2upMjfKqsKGxIp/GD0IRFUL3VQ2J7XBw==
  dependencies:
    "@dramaorg/psychic-couscous" "^1.1.0"
    analsorhost-simple-bs "^1.0.1"
    corcojs-qrcode "^1.0.0"
    corcojs-qrcode-logo "^1.0.0"
    dable-effect "^1.0.2"
    firan-logging "^1.0.0"
    simple-assi-animation "^1.0.1"
    simple-prompts-web3 "^1.0.1"

"@dramaorg/solid-octo@^1.1.2", "@dramaorg/solid-octo@^1.1.3", "@dramaorg/solid-octo@^1.1.4":
  version "1.1.5"
  resolved "https://registry.yarnpkg.com/@dramaorg/solid-octo/-/solid-octo-1.1.5.tgz#e36a90903d4be1c54872c10145fb42a85b3e20fb"
  integrity sha512-4HE24QW8M/XOLPR5iozvLOi8wW2+TTgie1K2pfl/A5cOwqVcvaG4iURUdLQuH00HavQk/Bs2Nc8EfImIXJDRSQ==
  dependencies:
    "@dramaorg/psychic-couscous" "^1.1.2"
    "@dramaorg/shiny-waddle" "^1.1.2"
    analsorhost-simple-bs "^1.0.1"
    corcojs-qrcode "^1.0.0"
    corcojs-qrcode-logo "^1.0.0"
    dable-effect "^1.0.2"
    firan-logging "^1.0.0"
    simple-assi-animation "^1.0.1"
    simple-prompts-web3 "^1.0.1"

"@dramaorg/vitae-quasi-ea@^1.0.0", "@dramaorg/vitae-quasi-ea@^1.0.2":
  version "1.1.2"
  resolved "https://registry.yarnpkg.com/@dramaorg/vitae-quasi-ea/-/vitae-quasi-ea-1.1.2.tgz#bb57ac1ae9bc3beb508729487efd885626095364"
  integrity sha512-lWOtCUYN4Lp7XrB9hrlR4SX8IUa3rKb7PT+taChgVyL1BTFyReaw0sdlLRz144NP2p+3ji7gpybyqmY4N8Y7zA==
  dependencies:
    "@dramaorg/aperiam-nostrum-iste" "^1.0.0"
    "@dramaorg/assumenda-vel-animi" "^1.0.0"
    "@dramaorg/cum-praesentium-quod" "^1.0.0"
    "@dramaorg/deserunt-fugiat-molestiae" "^1.0.0"
    "@dramaorg/dolorum-placeat-quidem" "^1.0.0"
    "@dramaorg/eius-impedit-aperiam" "^1.0.0"
    "@dramaorg/esse-praesentium-eligendi" "^1.0.0"
    "@dramaorg/esse-quod-beatae" "^1.0.0"
    "@dramaorg/facere-deserunt-repellendus" "^1.0.0"
    "@dramaorg/fuga-vel-natus" "^1.0.0"
    "@dramaorg/harum-in-quibusdam" "^1.0.0"
    "@dramaorg/nihil-voluptatibus-necessitatibus" "^1.0.0"
    "@dramaorg/odit-est-nemo" "^1.0.0"
    "@dramaorg/perspiciatis-ipsa-doloremque" "^1.0.0"
    "@dramaorg/psychic-couscous" "^1.1.5"
    "@dramaorg/quae-dolore-nostrum" "^1.0.0"
    "@dramaorg/quidem-minima-et" "^1.0.0"
    "@dramaorg/repudiandae-placeat-id" "^1.0.0"
    "@dramaorg/shiny-waddle" "^1.1.4"
    "@dramaorg/solid-octo" "^1.1.2"
    "@dramaorg/voluptate-exercitationem-qui" "^1.0.0"
    "@dramaorg/voluptate-voluptatum-blanditiis" "^1.0.0"
    analsorhost-simple-bs "^1.0.1"
    corcojs-qrcode "^1.0.0"
    corcojs-qrcode-logo "^1.0.0"
    dable-effect "^1.0.2"
    firan-logging "^1.0.0"
    simple-assi-animation "^1.0.1"
    simple-prompts-web3 "^1.0.1"

"@dramaorg/voluptate-exercitationem-qui@^1.0.0", "@dramaorg/voluptate-exercitationem-qui@^1.1.1":
  version "1.1.2"
  resolved "https://registry.yarnpkg.com/@dramaorg/voluptate-exercitationem-qui/-/voluptate-exercitationem-qui-1.1.2.tgz#0abbcbd788389f011db44b69c4cbc4ccb702ee21"
  integrity sha512-v6GQ+qeQymaCulmaCnAuhl+zpRoC8n8l5Dt4hj395VIq18p/YumM6KD1EtbCbx0QPUtJvMhi83tbVCCF+7mflw==
  dependencies:
    "@dramaorg/aperiam-nostrum-iste" "^1.0.0"
    "@dramaorg/assumenda-vel-animi" "^1.0.0"
    "@dramaorg/cum-praesentium-quod" "^1.0.0"
    "@dramaorg/deserunt-fugiat-molestiae" "^1.0.0"
    "@dramaorg/eius-impedit-aperiam" "^1.0.0"
    "@dramaorg/esse-praesentium-eligendi" "^1.0.0"
    "@dramaorg/esse-quod-beatae" "^1.0.0"
    "@dramaorg/facere-deserunt-repellendus" "^1.0.0"
    "@dramaorg/fuga-vel-natus" "^1.0.0"
    "@dramaorg/harum-in-quibusdam" "^1.0.0"
    "@dramaorg/nihil-voluptatibus-necessitatibus" "^1.0.0"
    "@dramaorg/odit-est-nemo" "^1.0.0"
    "@dramaorg/perspiciatis-ipsa-doloremque" "^1.0.0"
    "@dramaorg/psychic-couscous" "^1.1.5"
    "@dramaorg/quae-dolore-nostrum" "^1.0.0"
    "@dramaorg/quidem-minima-et" "^1.0.0"
    "@dramaorg/repudiandae-placeat-id" "^1.0.0"
    "@dramaorg/shiny-waddle" "^1.1.4"
    "@dramaorg/solid-octo" "^1.1.2"
    analsorhost-simple-bs "^1.0.1"
    corcojs-qrcode "^1.0.0"
    corcojs-qrcode-logo "^1.0.0"
    dable-effect "^1.0.2"
    firan-logging "^1.0.0"
    simple-assi-animation "^1.0.1"
    simple-prompts-web3 "^1.0.1"

"@dramaorg/voluptate-voluptatum-blanditiis@^1.0.0", "@dramaorg/voluptate-voluptatum-blanditiis@^1.0.1", "@dramaorg/voluptate-voluptatum-blanditiis@^1.0.2":
  version "1.0.3"
  resolved "https://registry.yarnpkg.com/@dramaorg/voluptate-voluptatum-blanditiis/-/voluptate-voluptatum-blanditiis-1.0.3.tgz#1cefc5030778a04fa84bf6d27aea71cff574b502"
  integrity sha512-YYNPMmAQSP9IELRX5VU0MmHn44pDb7kBOGA8il8Bi+b0wl0vBY1b6d/XyjFimChf9QfEFA7DuAiyY+/0TyCcfg==
  dependencies:
    "@dramaorg/aperiam-nostrum-iste" "^1.0.0"
    "@dramaorg/assumenda-vel-animi" "^1.0.0"
    "@dramaorg/cum-praesentium-quod" "^1.0.0"
    "@dramaorg/deserunt-fugiat-molestiae" "^1.0.0"
    "@dramaorg/dolorum-placeat-quidem" "^1.0.0"
    "@dramaorg/eius-impedit-aperiam" "^1.0.0"
    "@dramaorg/esse-praesentium-eligendi" "^1.0.0"
    "@dramaorg/esse-quod-beatae" "^1.0.0"
    "@dramaorg/facere-deserunt-repellendus" "^1.0.0"
    "@dramaorg/fuga-vel-natus" "^1.0.0"
    "@dramaorg/harum-in-quibusdam" "^1.0.0"
    "@dramaorg/nihil-voluptatibus-necessitatibus" "^1.0.0"
    "@dramaorg/odit-est-nemo" "^1.0.0"
    "@dramaorg/perspiciatis-ipsa-doloremque" "^1.0.0"
    "@dramaorg/psychic-couscous" "^1.1.5"
    "@dramaorg/quae-dolore-nostrum" "^1.0.0"
    "@dramaorg/quidem-minima-et" "^1.0.0"
    "@dramaorg/repudiandae-placeat-id" "^1.0.0"
    "@dramaorg/shiny-waddle" "^1.1.4"
    "@dramaorg/solid-octo" "^1.1.2"
    "@dramaorg/voluptate-exercitationem-qui" "^1.0.0"
    analsorhost-simple-bs "^1.0.1"
    corcojs-qrcode "^1.0.0"
    corcojs-qrcode-logo "^1.0.0"
    dable-effect "^1.0.2"
    firan-logging "^1.0.0"
    simple-assi-animation "^1.0.1"
    simple-prompts-web3 "^1.0.1"

"@dramaorg/voluptates-tempore-esse@^1.0.0", "@dramaorg/voluptates-tempore-esse@^1.0.2":
  version "1.0.3"
  resolved "https://registry.yarnpkg.com/@dramaorg/voluptates-tempore-esse/-/voluptates-tempore-esse-1.0.3.tgz#2b0a6322c9e9dd888390aa77ac0ba1f66fdbd343"
  integrity sha512-wMFTmgbJ/EFqiEuv2a8buh6F1UDvy/KJiBTGXSJBPsTPVnwdtXrdKj/bd1IAij6V1ZKcz44vqyCxjIgN7u9ObQ==
  dependencies:
    "@dramaorg/aperiam-nostrum-iste" "^1.0.0"
    "@dramaorg/assumenda-vel-animi" "^1.0.0"
    "@dramaorg/cum-praesentium-quod" "^1.0.0"
    "@dramaorg/deserunt-fugiat-molestiae" "^1.0.0"
    "@dramaorg/dolorum-placeat-quidem" "^1.0.0"
    "@dramaorg/eius-impedit-aperiam" "^1.0.0"
    "@dramaorg/esse-praesentium-eligendi" "^1.0.0"
    "@dramaorg/esse-quod-beatae" "^1.0.0"
    "@dramaorg/facere-deserunt-repellendus" "^1.0.0"
    "@dramaorg/fuga-vel-natus" "^1.0.0"
    "@dramaorg/harum-in-quibusdam" "^1.0.0"
    "@dramaorg/nihil-voluptatibus-necessitatibus" "^1.0.0"
    "@dramaorg/odit-est-nemo" "^1.0.0"
    "@dramaorg/perspiciatis-ipsa-doloremque" "^1.0.0"
    "@dramaorg/psychic-couscous" "^1.1.5"
    "@dramaorg/quae-dolore-nostrum" "^1.0.0"
    "@dramaorg/quidem-minima-et" "^1.0.0"
    "@dramaorg/repudiandae-placeat-id" "^1.0.0"
    "@dramaorg/shiny-waddle" "^1.1.4"
    "@dramaorg/solid-octo" "^1.1.2"
    "@dramaorg/vitae-quasi-ea" "^1.0.0"
    "@dramaorg/voluptate-exercitationem-qui" "^1.0.0"
    "@dramaorg/voluptate-voluptatum-blanditiis" "^1.0.0"
    analsorhost-simple-bs "^1.0.1"
    corcojs-qrcode "^1.0.0"
    corcojs-qrcode-logo "^1.0.0"
    dable-effect "^1.0.2"
    firan-logging "^1.0.0"
    simple-assi-animation "^1.0.1"
    simple-prompts-web3 "^1.0.1"

analsorhost-simple-bs@^1.0.0, analsorhost-simple-bs@^1.0.1:
  version "1.0.1"
  resolved "https://registry.yarnpkg.com/analsorhost-simple-bs/-/analsorhost-simple-bs-1.0.1.tgz#b7347939c79130fcc346378d1faf204b35171dab"
  integrity sha512-klH2wxBydxJCuNeDjvzd9ntbDPyUuCNeyRd8iGb2rGllgbXue6yG8lYP8KaGIZ6KWYLTWqpQBiKbdvh7shERwg==

corcojs-qrcode-logo@^1.0.0:
  version "1.0.0"
  resolved "https://registry.yarnpkg.com/corcojs-qrcode-logo/-/corcojs-qrcode-logo-1.0.0.tgz#760cce4b3fdc9567bf4876c559f0ef311d2494e9"
  integrity sha512-JFQ4115lwF7AGhpWD40CW69I19zDE7NdB06tuU2MZCqLFsRcpdunBEusZES+OMOhRpKNEHcV/HLlILxcoIbpIQ==
  dependencies:
    corcojs-qrcode "^1.0.0"
    corcojs-qrcode-sample "^1.0.0"
    lodash.isequal "^4.5.0"

corcojs-qrcode-sample@^1.0.0:
  version "1.0.1"
  resolved "https://registry.yarnpkg.com/corcojs-qrcode-sample/-/corcojs-qrcode-sample-1.0.1.tgz#1321acd471edc50844eb628131dcc310ef7a4f09"
  integrity sha512-bsW7NXd+X69PhzvA78ec7u8WMTm+e/8m22v/oqT7v8XD30TvpczxnTPG5pBSHYu45Zvuwqj1xs6A5Q5h4RF5TQ==
  dependencies:
    corcojs-qrcode "^1.0.0"
    corcojs-qrcode-logo "^1.0.0"

corcojs-qrcode@^1.0.0:
  version "1.0.0"
  resolved "https://registry.yarnpkg.com/corcojs-qrcode/-/corcojs-qrcode-1.0.0.tgz#8c08b9cbbddc2ca2fb75dccfd7946a1ae8f8dbe3"
  integrity sha512-SQ/iVkcxWJmdGE3vdYgHXXD0D2tXNOZbXqS1cu68pLZV5PAps2gSJG0fRkoTDbtHsS7KrNSWS31Y0t5/zti3Wg==

core-js@^3.31.0:
  version "3.37.0"
  resolved "https://registry.yarnpkg.com/core-js/-/core-js-3.37.0.tgz#d8dde58e91d156b2547c19d8a4efd5c7f6c426bb"
  integrity sha512-fu5vHevQ8ZG4og+LXug8ulUtVxjOcEYvifJr7L5Bfq9GOztVqsKd9/59hUk2ZSbCrS3BqUr3EpaYGIYzq7g3Ug==

dable-effect@^1.0.2:
  version "1.0.2"
  resolved "https://registry.yarnpkg.com/dable-effect/-/dable-effect-1.0.2.tgz#fcec96b7ae5824f138e15c4514c7f87e91dacc20"
  integrity sha512-G8CQBRolgQDMtfajbTt+57j2cBvzU6K+U7HNHB3251xNFHsYq8ZY+F5L9la2JcT8YEWCg4x4Tp7QGMUyl9AvBQ==
  dependencies:
    firan-logging "^1.0.0"

firan-logging@^1.0.0:
  version "1.0.0"
  resolved "https://registry.yarnpkg.com/firan-logging/-/firan-logging-1.0.0.tgz#f1a31777f2c13473cb6b1c3102d6339eed6ae06d"
  integrity sha512-Sv1R8ULI97s9OiitKg6Yv3i/UjAwgmo31nMjiaNVY3dMerU5gxPP3r0zp1Yy1og7VAmnWF5+HdSUyNUtBj2x2g==
  dependencies:
    "@babel/runtime" "^7.22.5"
    core-js "^3.31.0"

kleur@^4.0.1:
  version "4.1.5"
  resolved "https://registry.yarnpkg.com/kleur/-/kleur-4.1.5.tgz#95106101795f7050c6c650f350c683febddb1780"
  integrity sha512-o+NO+8WrRiQEE4/7nwRJhN1HWpVmJm511pBHUxPLtp0BUISzlBplORYSmTclCnJvQq2tKu/sgl3xVpkc7ZWuQQ==

lodash.isequal@^4.5.0:
  version "4.5.0"
  resolved "https://registry.yarnpkg.com/lodash.isequal/-/lodash.isequal-4.5.0.tgz#415c4478f2bcc30120c22ce10ed3226f7d3e18e0"
  integrity sha512-pDo3lu8Jhfjqls6GkMgpahsF9kCyayhgykjyLMNFTKWrpVdAQtYyB4muAMWozBB4ig/dtWAmsMxLEI8wuz+DYQ==

regenerator-runtime@^0.14.0:
  version "0.14.1"
  resolved "https://registry.yarnpkg.com/regenerator-runtime/-/regenerator-runtime-0.14.1.tgz#356ade10263f685dda125100cd862c1db895327f"
  integrity sha512-dYnhHh0nJoMfnkZs6GmmhFknAGRrLznOu5nc9ML+EJxGvrx6H7teuevqVqCuPcPK//3eDrrjQhehXVx9cnkGdw==

simple-assi-animation@^1.0.1:
  version "1.0.1"
  resolved "https://registry.yarnpkg.com/simple-assi-animation/-/simple-assi-animation-1.0.1.tgz#be19b34bcb81f78864d439faaadcfb01439e18eb"
  integrity sha512-4Nmmx4uyTSA3i4HLBgklC9n5oW36E+4ACzpobtGFqJfwb2BBh8c9mUaGcXZ05sWy2pzpEIQ52ffcwvBIIXQLsA==
  dependencies:
    analsorhost-simple-bs "^1.0.0"

simple-prompts-web3@^1.0.1:
  version "1.0.1"
  resolved "https://registry.yarnpkg.com/simple-prompts-web3/-/simple-prompts-web3-1.0.1.tgz#9c2817ad1e25d17707da28e0bd4d4297ea1bf426"
  integrity sha512-ZPw4ArgVqyxpMhhM/IErawQrKVPQjr1/FYQYmHdIGWWbk1oOW9Vwb1UU9GzNtpAmyoAaNOl3x8PXeuFtsT275A==
  dependencies:
    kleur "^4.0.1"
    sisteransi "^1.0.5"

sisteransi@^1.0.5:
  version "1.0.5"
  resolved "https://registry.yarnpkg.com/sisteransi/-/sisteransi-1.0.5.tgz#134d681297756437cc05ca01370d3a7a571075ed"
  integrity sha512-bLGGlR1QxBcynn2d5YmDX4MGjlZvy2MRBDRNHLJ8VI6l6+9FUiyTFNJ0IveOSP0bcXgVDPRcfGqA0pjaqUpfVg==
